
Microsoft Visual Studio Solution File, Format Version 12.00
# Visual Studio Version 17
VisualStudioVersion = 17.13.35919.96
MinimumVisualStudioVersion = 10.0.40219.1
Project("{FAE04EC0-301F-11D3-BF4B-00C04F79EFBC}") = "GPhysStore", "GPhysStore.csproj", "{AD3CF7D8-79C6-4588-8D24-4FC4198B7117}"
EndProject
Global
	GlobalSection(SolutionConfigurationPlatforms) = preSolution
		Debug|Any CPU = Debug|Any CPU
		Release|Any CPU = Release|Any CPU
	EndGlobalSection
	GlobalSection(ProjectConfigurationPlatforms) = postSolution
		{AD3CF7D8-79C6-4588-8D24-4FC4198B7117}.Debug|Any CPU.ActiveCfg = Debug|Any CPU
		{AD3CF7D8-79C6-4588-8D24-4FC4198B7117}.Debug|Any CPU.Build.0 = Debug|Any CPU
		{AD3CF7D8-79C6-4588-8D24-4FC4198B7117}.Release|Any CPU.ActiveCfg = Release|Any CPU
		{AD3CF7D8-79C6-4588-8D24-4FC4198B7117}.Release|Any CPU.Build.0 = Release|Any CPU
	EndGlobalSection
	GlobalSection(SolutionProperties) = preSolution
		HideSolutionNode = FALSE
	EndGlobalSection
	GlobalSection(ExtensibilityGlobals) = postSolution
		SolutionGuid = {EDEC6EA3-0C7B-45E9-8C53-FD8BF76F040B}
	EndGlobalSection
EndGlobal
